
Microsoft Visual Studio Solution File, Format Version 12.00
Project("{2150E333-8FDC-42A3-9474-1A3956D46DE8}") = "src", "src", "{32B35335-E0BE-4D51-92FE-5C35801EDA11}"
EndProject
Project("{2150E333-8FDC-42A3-9474-1A3956D46DE8}") = "test", "test", "{326D9C74-1006-4507-837C-263614517E74}"
EndProject
Project("{FAE04EC0-301F-11D3-BF4B-00C04F79EFBC}") = "Personals.Server", "src\Personals.Server\Personals.Server.csproj", "{1E634135-A135-4F52-BB3F-B4DFBC38677F}"
EndProject
Project("{FAE04EC0-301F-11D3-BF4B-00C04F79EFBC}") = "Personals.Common", "src\Personals.Common\Personals.Common.csproj", "{6BBD0986-617A-45E8-955F-2CF0CFA591AC}"
EndProject
Project("{FAE04EC0-301F-11D3-BF4B-00C04F79EFBC}") = "Personals.Infrastructure", "src\Personals.Infrastructure\Personals.Infrastructure.csproj", "{0567C292-A58A-4E76-9F66-8FFE9A01AE2B}"
EndProject
Project("{FAE04EC0-301F-11D3-BF4B-00C04F79EFBC}") = "Personals.Users", "src\Personals.Users\Personals.Users.csproj", "{4575532C-69EF-4123-B45C-966EE11D8B50}"
EndProject
Project("{FAE04EC0-301F-11D3-BF4B-00C04F79EFBC}") = "Personals.LookupTypes", "src\Personals.LookupTypes\Personals.LookupTypes.csproj", "{F7FB5ACD-73A4-47EC-99D5-ACACAD2F67F2}"
EndProject
Project("{FAE04EC0-301F-11D3-BF4B-00C04F79EFBC}") = "Personals.UI", "src\Personals.UI\Personals.UI.csproj", "{D5CAEBF1-2227-48F1-A9DF-B2132F5BE6B6}"
EndProject
Project("{FAE04EC0-301F-11D3-BF4B-00C04F79EFBC}") = "Personals.Tests.Base", "tests\Personals.Tests.Base\Personals.Tests.Base.csproj", "{458F6182-CF6A-4E82-9162-8DC72FBB13B2}"
EndProject
Project("{FAE04EC0-301F-11D3-BF4B-00C04F79EFBC}") = "Personals.Users.Tests", "tests\Personals.Users.Tests\Personals.Users.Tests.csproj", "{683DE55C-4957-43C7-BB19-2320EA064027}"
EndProject
Project("{FAE04EC0-301F-11D3-BF4B-00C04F79EFBC}") = "Personals.LookupTypes.Tests", "tests\Personals.LookupTypes.Tests\Personals.LookupTypes.Tests.csproj", "{C2AE23A5-1A3C-49D8-AF6B-4F02852C0F42}"
EndProject
Project("{FAE04EC0-301F-11D3-BF4B-00C04F79EFBC}") = "Personals.Infrastructure.Tests", "tests\Personals.Infrastructure.Tests\Personals.Infrastructure.Tests.csproj", "{17043BF3-A9E2-403A-8546-0EFE59383340}"
EndProject
Project("{FAE04EC0-301F-11D3-BF4B-00C04F79EFBC}") = "Personals.Links", "src\Personals.Links\Personals.Links.csproj", "{D1EE5E0A-9D6E-4869-8589-A049B224C851}"
EndProject
Project("{FAE04EC0-301F-11D3-BF4B-00C04F79EFBC}") = "Personals.Links.Tests", "tests\Personals.Links.Tests\Personals.Links.Tests.csproj", "{78576B80-0B0C-46B0-87AB-CDC722F01D00}"
EndProject
Global
	GlobalSection(SolutionConfigurationPlatforms) = preSolution
		Debug|Any CPU = Debug|Any CPU
		Release|Any CPU = Release|Any CPU
	EndGlobalSection
	GlobalSection(NestedProjects) = preSolution
		{1E634135-A135-4F52-BB3F-B4DFBC38677F} = {32B35335-E0BE-4D51-92FE-5C35801EDA11}
		{6BBD0986-617A-45E8-955F-2CF0CFA591AC} = {32B35335-E0BE-4D51-92FE-5C35801EDA11}
		{0567C292-A58A-4E76-9F66-8FFE9A01AE2B} = {32B35335-E0BE-4D51-92FE-5C35801EDA11}
		{4575532C-69EF-4123-B45C-966EE11D8B50} = {32B35335-E0BE-4D51-92FE-5C35801EDA11}
		{F7FB5ACD-73A4-47EC-99D5-ACACAD2F67F2} = {32B35335-E0BE-4D51-92FE-5C35801EDA11}
		{D5CAEBF1-2227-48F1-A9DF-B2132F5BE6B6} = {32B35335-E0BE-4D51-92FE-5C35801EDA11}
		{458F6182-CF6A-4E82-9162-8DC72FBB13B2} = {326D9C74-1006-4507-837C-263614517E74}
		{683DE55C-4957-43C7-BB19-2320EA064027} = {326D9C74-1006-4507-837C-263614517E74}
		{C2AE23A5-1A3C-49D8-AF6B-4F02852C0F42} = {326D9C74-1006-4507-837C-263614517E74}
		{17043BF3-A9E2-403A-8546-0EFE59383340} = {326D9C74-1006-4507-837C-263614517E74}
		{D1EE5E0A-9D6E-4869-8589-A049B224C851} = {32B35335-E0BE-4D51-92FE-5C35801EDA11}
		{78576B80-0B0C-46B0-87AB-CDC722F01D00} = {326D9C74-1006-4507-837C-263614517E74}
	EndGlobalSection
	GlobalSection(ProjectConfigurationPlatforms) = postSolution
		{1E634135-A135-4F52-BB3F-B4DFBC38677F}.Debug|Any CPU.ActiveCfg = Debug|Any CPU
		{1E634135-A135-4F52-BB3F-B4DFBC38677F}.Debug|Any CPU.Build.0 = Debug|Any CPU
		{1E634135-A135-4F52-BB3F-B4DFBC38677F}.Release|Any CPU.ActiveCfg = Release|Any CPU
		{1E634135-A135-4F52-BB3F-B4DFBC38677F}.Release|Any CPU.Build.0 = Release|Any CPU
		{6BBD0986-617A-45E8-955F-2CF0CFA591AC}.Debug|Any CPU.ActiveCfg = Debug|Any CPU
		{6BBD0986-617A-45E8-955F-2CF0CFA591AC}.Debug|Any CPU.Build.0 = Debug|Any CPU
		{6BBD0986-617A-45E8-955F-2CF0CFA591AC}.Release|Any CPU.ActiveCfg = Release|Any CPU
		{6BBD0986-617A-45E8-955F-2CF0CFA591AC}.Release|Any CPU.Build.0 = Release|Any CPU
		{0567C292-A58A-4E76-9F66-8FFE9A01AE2B}.Debug|Any CPU.ActiveCfg = Debug|Any CPU
		{0567C292-A58A-4E76-9F66-8FFE9A01AE2B}.Debug|Any CPU.Build.0 = Debug|Any CPU
		{0567C292-A58A-4E76-9F66-8FFE9A01AE2B}.Release|Any CPU.ActiveCfg = Release|Any CPU
		{0567C292-A58A-4E76-9F66-8FFE9A01AE2B}.Release|Any CPU.Build.0 = Release|Any CPU
		{4575532C-69EF-4123-B45C-966EE11D8B50}.Debug|Any CPU.ActiveCfg = Debug|Any CPU
		{4575532C-69EF-4123-B45C-966EE11D8B50}.Debug|Any CPU.Build.0 = Debug|Any CPU
		{4575532C-69EF-4123-B45C-966EE11D8B50}.Release|Any CPU.ActiveCfg = Release|Any CPU
		{4575532C-69EF-4123-B45C-966EE11D8B50}.Release|Any CPU.Build.0 = Release|Any CPU
		{F7FB5ACD-73A4-47EC-99D5-ACACAD2F67F2}.Debug|Any CPU.ActiveCfg = Debug|Any CPU
		{F7FB5ACD-73A4-47EC-99D5-ACACAD2F67F2}.Debug|Any CPU.Build.0 = Debug|Any CPU
		{F7FB5ACD-73A4-47EC-99D5-ACACAD2F67F2}.Release|Any CPU.ActiveCfg = Release|Any CPU
		{F7FB5ACD-73A4-47EC-99D5-ACACAD2F67F2}.Release|Any CPU.Build.0 = Release|Any CPU
		{D5CAEBF1-2227-48F1-A9DF-B2132F5BE6B6}.Debug|Any CPU.ActiveCfg = Debug|Any CPU
		{D5CAEBF1-2227-48F1-A9DF-B2132F5BE6B6}.Debug|Any CPU.Build.0 = Debug|Any CPU
		{D5CAEBF1-2227-48F1-A9DF-B2132F5BE6B6}.Release|Any CPU.ActiveCfg = Release|Any CPU
		{D5CAEBF1-2227-48F1-A9DF-B2132F5BE6B6}.Release|Any CPU.Build.0 = Release|Any CPU
		{458F6182-CF6A-4E82-9162-8DC72FBB13B2}.Debug|Any CPU.ActiveCfg = Debug|Any CPU
		{458F6182-CF6A-4E82-9162-8DC72FBB13B2}.Debug|Any CPU.Build.0 = Debug|Any CPU
		{458F6182-CF6A-4E82-9162-8DC72FBB13B2}.Release|Any CPU.ActiveCfg = Release|Any CPU
		{458F6182-CF6A-4E82-9162-8DC72FBB13B2}.Release|Any CPU.Build.0 = Release|Any CPU
		{683DE55C-4957-43C7-BB19-2320EA064027}.Debug|Any CPU.ActiveCfg = Debug|Any CPU
		{683DE55C-4957-43C7-BB19-2320EA064027}.Debug|Any CPU.Build.0 = Debug|Any CPU
		{683DE55C-4957-43C7-BB19-2320EA064027}.Release|Any CPU.ActiveCfg = Release|Any CPU
		{683DE55C-4957-43C7-BB19-2320EA064027}.Release|Any CPU.Build.0 = Release|Any CPU
		{C2AE23A5-1A3C-49D8-AF6B-4F02852C0F42}.Debug|Any CPU.ActiveCfg = Debug|Any CPU
		{C2AE23A5-1A3C-49D8-AF6B-4F02852C0F42}.Debug|Any CPU.Build.0 = Debug|Any CPU
		{C2AE23A5-1A3C-49D8-AF6B-4F02852C0F42}.Release|Any CPU.ActiveCfg = Release|Any CPU
		{C2AE23A5-1A3C-49D8-AF6B-4F02852C0F42}.Release|Any CPU.Build.0 = Release|Any CPU
		{17043BF3-A9E2-403A-8546-0EFE59383340}.Debug|Any CPU.ActiveCfg = Debug|Any CPU
		{17043BF3-A9E2-403A-8546-0EFE59383340}.Debug|Any CPU.Build.0 = Debug|Any CPU
		{17043BF3-A9E2-403A-8546-0EFE59383340}.Release|Any CPU.ActiveCfg = Release|Any CPU
		{17043BF3-A9E2-403A-8546-0EFE59383340}.Release|Any CPU.Build.0 = Release|Any CPU
		{D1EE5E0A-9D6E-4869-8589-A049B224C851}.Debug|Any CPU.ActiveCfg = Debug|Any CPU
		{D1EE5E0A-9D6E-4869-8589-A049B224C851}.Debug|Any CPU.Build.0 = Debug|Any CPU
		{D1EE5E0A-9D6E-4869-8589-A049B224C851}.Release|Any CPU.ActiveCfg = Release|Any CPU
		{D1EE5E0A-9D6E-4869-8589-A049B224C851}.Release|Any CPU.Build.0 = Release|Any CPU
		{78576B80-0B0C-46B0-87AB-CDC722F01D00}.Debug|Any CPU.ActiveCfg = Debug|Any CPU
		{78576B80-0B0C-46B0-87AB-CDC722F01D00}.Debug|Any CPU.Build.0 = Debug|Any CPU
		{78576B80-0B0C-46B0-87AB-CDC722F01D00}.Release|Any CPU.ActiveCfg = Release|Any CPU
		{78576B80-0B0C-46B0-87AB-CDC722F01D00}.Release|Any CPU.Build.0 = Release|Any CPU
	EndGlobalSection
EndGlobal
